{
  "version": 4,
  "terraform_version": "1.3.7",
  "serial": 16,
  "lineage": "8d23f2d4-a5cb-b952-1738-c6124915438d",
  "outputs": {
    "rgid": {
      "value": "/subscriptions/005177ec-489f-4189-9661-31b1ea9c8820/resourceGroups/divineresourcegroup",
      "type": "string"
    }
  },
  "resources": [
    {
      "module": "module.create_resource_group",
      "mode": "managed",
      "type": "azurerm_resource_group",
      "name": "rg",
      "provider": "provider[\"registry.terraform.io/hashicorp/azurerm\"]",
      "instances": [
        {
          "schema_version": 0,
          "attributes": {
            "id": "/subscriptions/005177ec-489f-4189-9661-31b1ea9c8820/resourceGroups/divineresourcegroup",
            "location": "centralus",
            "name": "divineresourcegroup",
            "tags": null,
            "timeouts": null
          },
          "sensitive_attributes": [],
          "private": "eyJlMmJmYjczMC1lY2FhLTExZTYtOGY4OC0zNDM2M2JjN2M0YzAiOnsiY3JlYXRlIjo1NDAwMDAwMDAwMDAwLCJkZWxldGUiOjU0MDAwMDAwMDAwMDAsInJlYWQiOjMwMDAwMDAwMDAwMCwidXBkYXRlIjo1NDAwMDAwMDAwMDAwfX0="
        }
      ]
    }
  ],
  "check_results": null
}
